
Microsoft Visual Studio Solution File, Format Version 11.00
# Visual Studio 2010
Project("{FAE04EC0-301F-11D3-BF4B-00C04F79EFBC}") = "Assembly-CSharp", "Assembly-CSharp.csproj", "{A61F05A0-1089-F5FA-DB3C-D21891FBC3B9}"
EndProject
Project("{FAE04EC0-301F-11D3-BF4B-00C04F79EFBC}") = "Assembly-CSharp-Editor", "Assembly-CSharp-Editor.csproj", "{68EE436C-5F78-3D48-06CE-61BD624B7E81}"
EndProject
Global
	GlobalSection(SolutionConfigurationPlatforms) = preSolution
		Debug|Any CPU = Debug|Any CPU
		Release|Any CPU = Release|Any CPU
	EndGlobalSection
	GlobalSection(ProjectConfigurationPlatforms) = postSolution
		{A61F05A0-1089-F5FA-DB3C-D21891FBC3B9}.Debug|Any CPU.ActiveCfg = Debug|Any CPU
		{A61F05A0-1089-F5FA-DB3C-D21891FBC3B9}.Debug|Any CPU.Build.0 = Debug|Any CPU
		{A61F05A0-1089-F5FA-DB3C-D21891FBC3B9}.Release|Any CPU.ActiveCfg = Release|Any CPU
		{A61F05A0-1089-F5FA-DB3C-D21891FBC3B9}.Release|Any CPU.Build.0 = Release|Any CPU
		{68EE436C-5F78-3D48-06CE-61BD624B7E81}.Debug|Any CPU.ActiveCfg = Debug|Any CPU
		{68EE436C-5F78-3D48-06CE-61BD624B7E81}.Debug|Any CPU.Build.0 = Debug|Any CPU
		{68EE436C-5F78-3D48-06CE-61BD624B7E81}.Release|Any CPU.ActiveCfg = Release|Any CPU
		{68EE436C-5F78-3D48-06CE-61BD624B7E81}.Release|Any CPU.Build.0 = Release|Any CPU
	EndGlobalSection
	GlobalSection(SolutionProperties) = preSolution
		HideSolutionNode = FALSE
	EndGlobalSection
EndGlobal
